// !$*UTF8*$!
{
	archiveVersion = 1;
	classes = {
	};
	objectVersion = 56;
	objects = {

/* Begin PBXBuildFile section */
		6EB5293C29010F4D0090F112 /* AppDelegate.swift in Sources */ = {isa = PBXBuildFile; fileRef = 6EB5293B29010F4D0090F112 /* AppDelegate.swift */; };
		6EB5293E29010F4D0090F112 /* SceneDelegate.swift in Sources */ = {isa = PBXBuildFile; fileRef = 6EB5293D29010F4D0090F112 /* SceneDelegate.swift */; };
		6EB5294029010F4D0090F112 /* MainViewController.swift in Sources */ = {isa = PBXBuildFile; fileRef = 6EB5293F29010F4D0090F112 /* MainViewController.swift */; };
		6EB5294329010F4D0090F112 /* Main.storyboard in Resources */ = {isa = PBXBuildFile; fileRef = 6EB5294129010F4D0090F112 /* Main.storyboard */; };
		6EB5294629010F4D0090F112 /* farpostTestProj.xcdatamodeld in Sources */ = {isa = PBXBuildFile; fileRef = 6EB5294429010F4D0090F112 /* farpostTestProj.xcdatamodeld */; };
		6EB5294829010F4F0090F112 /* Assets.xcassets in Resources */ = {isa = PBXBuildFile; fileRef = 6EB5294729010F4F0090F112 /* Assets.xcassets */; };
		6EB5294B29010F4F0090F112 /* LaunchScreen.storyboard in Resources */ = {isa = PBXBuildFile; fileRef = 6EB5294929010F4F0090F112 /* LaunchScreen.storyboard */; };
		6EB5295829011BC00090F112 /* MainView.swift in Sources */ = {isa = PBXBuildFile; fileRef = 6EB5295729011BC00090F112 /* MainView.swift */; };
		6EB5295A29011E480090F112 /* ImageCollectionViewCell.swift in Sources */ = {isa = PBXBuildFile; fileRef = 6EB5295929011E480090F112 /* ImageCollectionViewCell.swift */; };
		6EB5295D29013D1F0090F112 /* ModelCollection.swift in Sources */ = {isa = PBXBuildFile; fileRef = 6EB5295C29013D1F0090F112 /* ModelCollection.swift */; };
		6EBAAD172903C0410020314D /* ImageCache.swift in Sources */ = {isa = PBXBuildFile; fileRef = 6EBAAD162903C0410020314D /* ImageCache.swift */; };
		6EBAAD1A2904DB860020314D /* ExtensionUIImageView.swift in Sources */ = {isa = PBXBuildFile; fileRef = 6EBAAD192904DB860020314D /* ExtensionUIImageView.swift */; };
/* End PBXBuildFile section */

/* Begin PBXFileReference section */
		6EB5293829010F4D0090F112 /* farpostTestProj.app */ = {isa = PBXFileReference; explicitFileType = wrapper.application; includeInIndex = 0; path = farpostTestProj.app; sourceTree = BUILT_PRODUCTS_DIR; };
		6EB5293B29010F4D0090F112 /* AppDelegate.swift */ = {isa = PBXFileReference; lastKnownFileType = sourcecode.swift; path = AppDelegate.swift; sourceTree = "<group>"; };
		6EB5293D29010F4D0090F112 /* SceneDelegate.swift */ = {isa = PBXFileReference; lastKnownFileType = sourcecode.swift; path = SceneDelegate.swift; sourceTree = "<group>"; };
		6EB5293F29010F4D0090F112 /* MainViewController.swift */ = {isa = PBXFileReference; lastKnownFileType = sourcecode.swift; path = MainViewController.swift; sourceTree = "<group>"; };
		6EB5294229010F4D0090F112 /* Base */ = {isa = PBXFileReference; lastKnownFileType = file.storyboard; name = Base; path = Base.lproj/Main.storyboard; sourceTree = "<group>"; };
		6EB5294529010F4D0090F112 /* farpostTestProj.xcdatamodel */ = {isa = PBXFileReference; lastKnownFileType = wrapper.xcdatamodel; path = farpostTestProj.xcdatamodel; sourceTree = "<group>"; };
		6EB5294729010F4F0090F112 /* Assets.xcassets */ = {isa = PBXFileReference; lastKnownFileType = folder.assetcatalog; path = Assets.xcassets; sourceTree = "<group>"; };
		6EB5294A29010F4F0090F112 /* Base */ = {isa = PBXFileReference; lastKnownFileType = file.storyboard; name = Base; path = Base.lproj/LaunchScreen.storyboard; sourceTree = "<group>"; };
		6EB5294C29010F4F0090F112 /* Info.plist */ = {isa = PBXFileReference; lastKnownFileType = text.plist.xml; path = Info.plist; sourceTree = "<group>"; };
		6EB5295729011BC00090F112 /* MainView.swift */ = {isa = PBXFileReference; lastKnownFileType = sourcecode.swift; path = MainView.swift; sourceTree = "<group>"; };
		6EB5295929011E480090F112 /* ImageCollectionViewCell.swift */ = {isa = PBXFileReference; lastKnownFileType = sourcecode.swift; path = ImageCollectionViewCell.swift; sourceTree = "<group>"; };
		6EB5295C29013D1F0090F112 /* ModelCollection.swift */ = {isa = PBXFileReference; lastKnownFileType = sourcecode.swift; path = ModelCollection.swift; sourceTree = "<group>"; };
		6EBAAD162903C0410020314D /* ImageCache.swift */ = {isa = PBXFileReference; lastKnownFileType = sourcecode.swift; path = ImageCache.swift; sourceTree = "<group>"; };
		6EBAAD192904DB860020314D /* ExtensionUIImageView.swift */ = {isa = PBXFileReference; lastKnownFileType = sourcecode.swift; path = ExtensionUIImageView.swift; sourceTree = "<group>"; };
/* End PBXFileReference section */

/* Begin PBXFrameworksBuildPhase section */
		6EB5293529010F4D0090F112 /* Frameworks */ = {
			isa = PBXFrameworksBuildPhase;
			buildActionMask = 2147483647;
			files = (
			);
			runOnlyForDeploymentPostprocessing = 0;
		};
/* End PBXFrameworksBuildPhase section */

/* Begin PBXGroup section */
		6EB5292F29010F4D0090F112 = {
			isa = PBXGroup;
			children = (
				6EB5293A29010F4D0090F112 /* farpostTestProj */,
				6EB5293929010F4D0090F112 /* Products */,
			);
			sourceTree = "<group>";
		};
		6EB5293929010F4D0090F112 /* Products */ = {
			isa = PBXGroup;
			children = (
				6EB5293829010F4D0090F112 /* farpostTestProj.app */,
			);
			name = Products;
			sourceTree = "<group>";
		};
		6EB5293A29010F4D0090F112 /* farpostTestProj */ = {
			isa = PBXGroup;
			children = (
				6EBAAD152903C00B0020314D /* Utils */,
				6EB52953290115FC0090F112 /* ViewControllers */,
				6EB52952290115C90090F112 /* Resources */,
			);
			path = farpostTestProj;
			sourceTree = "<group>";
		};
		6EB52952290115C90090F112 /* Resources */ = {
			isa = PBXGroup;
			children = (
				6EB5294429010F4D0090F112 /* farpostTestProj.xcdatamodeld */,
				6EB5294C29010F4F0090F112 /* Info.plist */,
				6EB5294929010F4F0090F112 /* LaunchScreen.storyboard */,
				6EB5294729010F4F0090F112 /* Assets.xcassets */,
				6EB5294129010F4D0090F112 /* Main.storyboard */,
				6EB5293D29010F4D0090F112 /* SceneDelegate.swift */,
				6EB5293B29010F4D0090F112 /* AppDelegate.swift */,
			);
			path = Resources;
			sourceTree = "<group>";
		};
		6EB52953290115FC0090F112 /* ViewControllers */ = {
			isa = PBXGroup;
			children = (
				6EB5295429011AF00090F112 /* MainViewController */,
			);
			path = ViewControllers;
			sourceTree = "<group>";
		};
		6EB5295429011AF00090F112 /* MainViewController */ = {
			isa = PBXGroup;
			children = (
				6EB5293F29010F4D0090F112 /* MainViewController.swift */,
				6EB5295B29013D110090F112 /* Model */,
				6EB5295629011B9B0090F112 /* Components */,
			);
			path = MainViewController;
			sourceTree = "<group>";
		};
		6EB5295529011B0D0090F112 /* Cell */ = {
			isa = PBXGroup;
			children = (
				6EB5295929011E480090F112 /* ImageCollectionViewCell.swift */,
			);
			path = Cell;
			sourceTree = "<group>";
		};
		6EB5295629011B9B0090F112 /* Components */ = {
			isa = PBXGroup;
			children = (
				6EBAAD1B2904DC850020314D /* View */,
				6EB5295529011B0D0090F112 /* Cell */,
			);
			path = Components;
			sourceTree = "<group>";
		};
		6EB5295B29013D110090F112 /* Model */ = {
			isa = PBXGroup;
			children = (
				6EB5295C29013D1F0090F112 /* ModelCollection.swift */,
			);
			path = Model;
			sourceTree = "<group>";
		};
		6EBAAD152903C00B0020314D /* Utils */ = {
			isa = PBXGroup;
			children = (
				6EBAAD1C2904DD460020314D /* Cache */,
				6EBAAD182904DB6A0020314D /* Extensions */,
			);
			path = Utils;
			sourceTree = "<group>";
		};
		6EBAAD182904DB6A0020314D /* Extensions */ = {
			isa = PBXGroup;
			children = (
				6EBAAD192904DB860020314D /* ExtensionUIImageView.swift */,
			);
			path = Extensions;
			sourceTree = "<group>";
		};
		6EBAAD1B2904DC850020314D /* View */ = {
			isa = PBXGroup;
			children = (
				6EB5295729011BC00090F112 /* MainView.swift */,
			);
			path = View;
			sourceTree = "<group>";
		};
		6EBAAD1C2904DD460020314D /* Cache */ = {
			isa = PBXGroup;
			children = (
				6EBAAD162903C0410020314D /* ImageCache.swift */,
			);
			path = Cache;
			sourceTree = "<group>";
		};
/* End PBXGroup section */

/* Begin PBXNativeTarget section */
		6EB5293729010F4D0090F112 /* farpostTestProj */ = {
			isa = PBXNativeTarget;
			buildConfigurationList = 6EB5294F29010F4F0090F112 /* Build configuration list for PBXNativeTarget "farpostTestProj" */;
			buildPhases = (
				6EB5293429010F4D0090F112 /* Sources */,
				6EB5293529010F4D0090F112 /* Frameworks */,
				6EB5293629010F4D0090F112 /* Resources */,
			);
			buildRules = (
			);
			dependencies = (
			);
			name = farpostTestProj;
			productName = farpostTestProj;
			productReference = 6EB5293829010F4D0090F112 /* farpostTestProj.app */;
			productType = "com.apple.product-type.application";
		};
/* End PBXNativeTarget section */

/* Begin PBXProject section */
		6EB5293029010F4D0090F112 /* Project object */ = {
			isa = PBXProject;
			attributes = {
				BuildIndependentTargetsInParallel = 1;
				LastSwiftUpdateCheck = 1400;
				LastUpgradeCheck = 1400;
				TargetAttributes = {
					6EB5293729010F4D0090F112 = {
						CreatedOnToolsVersion = 14.0.1;
					};
				};
			};
			buildConfigurationList = 6EB5293329010F4D0090F112 /* Build configuration list for PBXProject "farpostTestProj" */;
			compatibilityVersion = "Xcode 14.0";
			developmentRegion = en;
			hasScannedForEncodings = 0;
			knownRegions = (
				en,
				Base,
			);
			mainGroup = 6EB5292F29010F4D0090F112;
			productRefGroup = 6EB5293929010F4D0090F112 /* Products */;
			projectDirPath = "";
			projectRoot = "";
			targets = (
				6EB5293729010F4D0090F112 /* farpostTestProj */,
			);
		};
/* End PBXProject section */

/* Begin PBXResourcesBuildPhase section */
		6EB5293629010F4D0090F112 /* Resources */ = {
			isa = PBXResourcesBuildPhase;
			buildActionMask = 2147483647;
			files = (
				6EB5294B29010F4F0090F112 /* LaunchScreen.storyboard in Resources */,
				6EB5294829010F4F0090F112 /* Assets.xcassets in Resources */,
				6EB5294329010F4D0090F112 /* Main.storyboard in Resources */,
			);
			runOnlyForDeploymentPostprocessing = 0;
		};
/* End PBXResourcesBuildPhase section */

/* Begin PBXSourcesBuildPhase section */
		6EB5293429010F4D0090F112 /* Sources */ = {
			isa = PBXSourcesBuildPhase;
			buildActionMask = 2147483647;
			files = (
				6EB5295829011BC00090F112 /* MainView.swift in Sources */,
				6EB5295A29011E480090F112 /* ImageCollectionViewCell.swift in Sources */,
				6EBAAD172903C0410020314D /* ImageCache.swift in Sources */,
				6EB5295D29013D1F0090F112 /* ModelCollection.swift in Sources */,
				6EB5294029010F4D0090F112 /* MainViewController.swift in Sources */,
				6EB5293C29010F4D0090F112 /* AppDelegate.swift in Sources */,
				6EB5294629010F4D0090F112 /* farpostTestProj.xcdatamodeld in Sources */,
				6EBAAD1A2904DB860020314D /* ExtensionUIImageView.swift in Sources */,
				6EB5293E29010F4D0090F112 /* SceneDelegate.swift in Sources */,
			);
			runOnlyForDeploymentPostprocessing = 0;
		};
/* End PBXSourcesBuildPhase section */

/* Begin PBXVariantGroup section */
		6EB5294129010F4D0090F112 /* Main.storyboard */ = {
			isa = PBXVariantGroup;
			children = (
				6EB5294229010F4D0090F112 /* Base */,
			);
			name = Main.storyboard;
			sourceTree = "<group>";
		};
		6EB5294929010F4F0090F112 /* LaunchScreen.storyboard */ = {
			isa = PBXVariantGroup;
			children = (
				6EB5294A29010F4F0090F112 /* Base */,
			);
			name = LaunchScreen.storyboard;
			sourceTree = "<group>";
		};
/* End PBXVariantGroup section */

/* Begin XCBuildConfiguration section */
		6EB5294D29010F4F0090F112 /* Debug */ = {
			isa = XCBuildConfiguration;
			buildSettings = {
				ALWAYS_SEARCH_USER_PATHS = NO;
				CLANG_ANALYZER_NONNULL = YES;
				CLANG_ANALYZER_NUMBER_OBJECT_CONVERSION = YES_AGGRESSIVE;
				CLANG_CXX_LANGUAGE_STANDARD = "gnu++20";
				CLANG_ENABLE_MODULES = YES;
				CLANG_ENABLE_OBJC_ARC = YES;
				CLANG_ENABLE_OBJC_WEAK = YES;
				CLANG_WARN_BLOCK_CAPTURE_AUTORELEASING = YES;
				CLANG_WARN_BOOL_CONVERSION = YES;
				CLANG_WARN_COMMA = YES;
				CLANG_WARN_CONSTANT_CONVERSION = YES;
				CLANG_WARN_DEPRECATED_OBJC_IMPLEMENTATIONS = YES;
				CLANG_WARN_DIRECT_OBJC_ISA_USAGE = YES_ERROR;
				CLANG_WARN_DOCUMENTATION_COMMENTS = YES;
				CLANG_WARN_EMPTY_BODY = YES;
				CLANG_WARN_ENUM_CONVERSION = YES;
				CLANG_WARN_INFINITE_RECURSION = YES;
				CLANG_WARN_INT_CONVERSION = YES;
				CLANG_WARN_NON_LITERAL_NULL_CONVERSION = YES;
				CLANG_WARN_OBJC_IMPLICIT_RETAIN_SELF = YES;
				CLANG_WARN_OBJC_LITERAL_CONVERSION = YES;
				CLANG_WARN_OBJC_ROOT_CLASS = YES_ERROR;
				CLANG_WARN_QUOTED_INCLUDE_IN_FRAMEWORK_HEADER = YES;
				CLANG_WARN_RANGE_LOOP_ANALYSIS = YES;
				CLANG_WARN_STRICT_PROTOTYPES = YES;
				CLANG_WARN_SUSPICIOUS_MOVE = YES;
				CLANG_WARN_UNGUARDED_AVAILABILITY = YES_AGGRESSIVE;
				CLANG_WARN_UNREACHABLE_CODE = YES;
				CLANG_WARN__DUPLICATE_METHOD_MATCH = YES;
				COPY_PHASE_STRIP = NO;
				DEBUG_INFORMATION_FORMAT = dwarf;
				ENABLE_STRICT_OBJC_MSGSEND = YES;
				ENABLE_TESTABILITY = YES;
				GCC_C_LANGUAGE_STANDARD = gnu11;
				GCC_DYNAMIC_NO_PIC = NO;
				GCC_NO_COMMON_BLOCKS = YES;
				GCC_OPTIMIZATION_LEVEL = 0;
				GCC_PREPROCESSOR_DEFINITIONS = (
					"DEBUG=1",
					"$(inherited)",
				);
				GCC_WARN_64_TO_32_BIT_CONVERSION = YES;
				GCC_WARN_ABOUT_RETURN_TYPE = YES_ERROR;
				GCC_WARN_UNDECLARED_SELECTOR = YES;
				GCC_WARN_UNINITIALIZED_AUTOS = YES_AGGRESSIVE;
				GCC_WARN_UNUSED_FUNCTION = YES;
				GCC_WARN_UNUSED_VARIABLE = YES;
				IPHONEOS_DEPLOYMENT_TARGET = 16.0;
				MTL_ENABLE_DEBUG_INFO = INCLUDE_SOURCE;
				MTL_FAST_MATH = YES;
				ONLY_ACTIVE_ARCH = YES;
				SDKROOT = iphoneos;
				SWIFT_ACTIVE_COMPILATION_CONDITIONS = DEBUG;
				SWIFT_OPTIMIZATION_LEVEL = "-Onone";
			};
			name = Debug;
		};
		6EB5294E29010F4F0090F112 /* Release */ = {
			isa = XCBuildConfiguration;
			buildSettings = {
				ALWAYS_SEARCH_USER_PATHS = NO;
				CLANG_ANALYZER_NONNULL = YES;
				CLANG_ANALYZER_NUMBER_OBJECT_CONVERSION = YES_AGGRESSIVE;
				CLANG_CXX_LANGUAGE_STANDARD = "gnu++20";
				CLANG_ENABLE_MODULES = YES;
				CLANG_ENABLE_OBJC_ARC = YES;
				CLANG_ENABLE_OBJC_WEAK = YES;
				CLANG_WARN_BLOCK_CAPTURE_AUTORELEASING = YES;
				CLANG_WARN_BOOL_CONVERSION = YES;
				CLANG_WARN_COMMA = YES;
				CLANG_WARN_CONSTANT_CONVERSION = YES;
				CLANG_WARN_DEPRECATED_OBJC_IMPLEMENTATIONS = YES;
				CLANG_WARN_DIRECT_OBJC_ISA_USAGE = YES_ERROR;
				CLANG_WARN_DOCUMENTATION_COMMENTS = YES;
				CLANG_WARN_EMPTY_BODY = YES;
				CLANG_WARN_ENUM_CONVERSION = YES;
				CLANG_WARN_INFINITE_RECURSION = YES;
				CLANG_WARN_INT_CONVERSION = YES;
				CLANG_WARN_NON_LITERAL_NULL_CONVERSION = YES;
				CLANG_WARN_OBJC_IMPLICIT_RETAIN_SELF = YES;
				CLANG_WARN_OBJC_LITERAL_CONVERSION = YES;
				CLANG_WARN_OBJC_ROOT_CLASS = YES_ERROR;
				CLANG_WARN_QUOTED_INCLUDE_IN_FRAMEWORK_HEADER = YES;
				CLANG_WARN_RANGE_LOOP_ANALYSIS = YES;
				CLANG_WARN_STRICT_PROTOTYPES = YES;
				CLANG_WARN_SUSPICIOUS_MOVE = YES;
				CLANG_WARN_UNGUARDED_AVAILABILITY = YES_AGGRESSIVE;
				CLANG_WARN_UNREACHABLE_CODE = YES;
				CLANG_WARN__DUPLICATE_METHOD_MATCH = YES;
				COPY_PHASE_STRIP = NO;
				DEBUG_INFORMATION_FORMAT = "dwarf-with-dsym";
				ENABLE_NS_ASSERTIONS = NO;
				ENABLE_STRICT_OBJC_MSGSEND = YES;
				GCC_C_LANGUAGE_STANDARD = gnu11;
				GCC_NO_COMMON_BLOCKS = YES;
				GCC_WARN_64_TO_32_BIT_CONVERSION = YES;
				GCC_WARN_ABOUT_RETURN_TYPE = YES_ERROR;
				GCC_WARN_UNDECLARED_SELECTOR = YES;
				GCC_WARN_UNINITIALIZED_AUTOS = YES_AGGRESSIVE;
				GCC_WARN_UNUSED_FUNCTION = YES;
				GCC_WARN_UNUSED_VARIABLE = YES;
				IPHONEOS_DEPLOYMENT_TARGET = 16.0;
				MTL_ENABLE_DEBUG_INFO = NO;
				MTL_FAST_MATH = YES;
				SDKROOT = iphoneos;
				SWIFT_COMPILATION_MODE = wholemodule;
				SWIFT_OPTIMIZATION_LEVEL = "-O";
				VALIDATE_PRODUCT = YES;
			};
			name = Release;
		};
		6EB5295029010F4F0090F112 /* Debug */ = {
			isa = XCBuildConfiguration;
			buildSettings = {
				ASSETCATALOG_COMPILER_APPICON_NAME = AppIcon;
				ASSETCATALOG_COMPILER_GLOBAL_ACCENT_COLOR_NAME = AccentColor;
				CODE_SIGN_STYLE = Automatic;
				CURRENT_PROJECT_VERSION = 1;
				DEVELOPMENT_TEAM = 3PR45WW6CK;
				GENERATE_INFOPLIST_FILE = YES;
				INFOPLIST_FILE = farpostTestProj/Resources/Info.plist;
				INFOPLIST_KEY_UIApplicationSupportsIndirectInputEvents = YES;
				INFOPLIST_KEY_UILaunchStoryboardName = LaunchScreen;
				INFOPLIST_KEY_UIMainStoryboardFile = Main;
				INFOPLIST_KEY_UISupportedInterfaceOrientations_iPad = "UIInterfaceOrientationPortrait UIInterfaceOrientationPortraitUpsideDown UIInterfaceOrientationLandscapeLeft UIInterfaceOrientationLandscapeRight";
				INFOPLIST_KEY_UISupportedInterfaceOrientations_iPhone = "UIInterfaceOrientationPortrait UIInterfaceOrientationLandscapeLeft UIInterfaceOrientationLandscapeRight";
				IPHONEOS_DEPLOYMENT_TARGET = 14.5;
				LD_RUNPATH_SEARCH_PATHS = (
					"$(inherited)",
					"@executable_path/Frameworks",
				);
				MARKETING_VERSION = 1.0;
				PRODUCT_BUNDLE_IDENTIFIER = com.unicorn.farpostTestProj;
				PRODUCT_NAME = "$(TARGET_NAME)";
				SWIFT_EMIT_LOC_STRINGS = YES;
				SWIFT_VERSION = 5.0;
				TARGETED_DEVICE_FAMILY = "1,2";
			};
			name = Debug;
		};
		6EB5295129010F4F0090F112 /* Release */ = {
			isa = XCBuildConfiguration;
			buildSettings = {
				ASSETCATALOG_COMPILER_APPICON_NAME = AppIcon;
				ASSETCATALOG_COMPILER_GLOBAL_ACCENT_COLOR_NAME = AccentColor;
				CODE_SIGN_STYLE = Automatic;
				CURRENT_PROJECT_VERSION = 1;
				DEVELOPMENT_TEAM = 3PR45WW6CK;
				GENERATE_INFOPLIST_FILE = YES;
				INFOPLIST_FILE = farpostTestProj/Resources/Info.plist;
				INFOPLIST_KEY_UIApplicationSupportsIndirectInputEvents = YES;
				INFOPLIST_KEY_UILaunchStoryboardName = LaunchScreen;
				INFOPLIST_KEY_UIMainStoryboardFile = Main;
				INFOPLIST_KEY_UISupportedInterfaceOrientations_iPad = "UIInterfaceOrientationPortrait UIInterfaceOrientationPortraitUpsideDown UIInterfaceOrientationLandscapeLeft UIInterfaceOrientationLandscapeRight";
				INFOPLIST_KEY_UISupportedInterfaceOrientations_iPhone = "UIInterfaceOrientationPortrait UIInterfaceOrientationLandscapeLeft UIInterfaceOrientationLandscapeRight";
				IPHONEOS_DEPLOYMENT_TARGET = 14.5;
				LD_RUNPATH_SEARCH_PATHS = (
					"$(inherited)",
					"@executable_path/Frameworks",
				);
				MARKETING_VERSION = 1.0;
				PRODUCT_BUNDLE_IDENTIFIER = com.unicorn.farpostTestProj;
				PRODUCT_NAME = "$(TARGET_NAME)";
				SWIFT_EMIT_LOC_STRINGS = YES;
				SWIFT_VERSION = 5.0;
				TARGETED_DEVICE_FAMILY = "1,2";
			};
			name = Release;
		};
/* End XCBuildConfiguration section */

/* Begin XCConfigurationList section */
		6EB5293329010F4D0090F112 /* Build configuration list for PBXProject "farpostTestProj" */ = {
			isa = XCConfigurationList;
			buildConfigurations = (
				6EB5294D29010F4F0090F112 /* Debug */,
				6EB5294E29010F4F0090F112 /* Release */,
			);
			defaultConfigurationIsVisible = 0;
			defaultConfigurationName = Release;
		};
		6EB5294F29010F4F0090F112 /* Build configuration list for PBXNativeTarget "farpostTestProj" */ = {
			isa = XCConfigurationList;
			buildConfigurations = (
				6EB5295029010F4F0090F112 /* Debug */,
				6EB5295129010F4F0090F112 /* Release */,
			);
			defaultConfigurationIsVisible = 0;
			defaultConfigurationName = Release;
		};
/* End XCConfigurationList section */

/* Begin XCVersionGroup section */
		6EB5294429010F4D0090F112 /* farpostTestProj.xcdatamodeld */ = {
			isa = XCVersionGroup;
			children = (
				6EB5294529010F4D0090F112 /* farpostTestProj.xcdatamodel */,
			);
			currentVersion = 6EB5294529010F4D0090F112 /* farpostTestProj.xcdatamodel */;
			path = farpostTestProj.xcdatamodeld;
			sourceTree = "<group>";
			versionGroupType = wrapper.xcdatamodel;
		};
/* End XCVersionGroup section */
	};
	rootObject = 6EB5293029010F4D0090F112 /* Project object */;
}
